
Microsoft Visual Studio Solution File, Format Version 12.00
# Visual Studio Version 17
VisualStudioVersion = 17.1.32407.343
MinimumVisualStudioVersion = 10.0.40219.1
Project("{9A19103F-16F7-4668-BE54-9A1E7A4F7556}") = "MirishitaMusicPlayer", "MirishitaMusicPlayer\MirishitaMusicPlayer.csproj", "{0679C8D4-C80D-4D90-B3BF-5B256C1E7AA8}"
	ProjectSection(ProjectDependencies) = postProject
		{29356642-C46E-4144-83D8-22DC09D0D7FD} = {29356642-C46E-4144-83D8-22DC09D0D7FD}
	EndProjectSection
EndProject
Project("{9A19103F-16F7-4668-BE54-9A1E7A4F7556}") = "ClHcaSharp", "ClHcaSharp\ClHcaSharp\ClHcaSharp.csproj", "{41F76E88-CD25-4E23-8ADC-23756655F417}"
EndProject
Project("{9A19103F-16F7-4668-BE54-9A1E7A4F7556}") = "AssetStudio", "AssetStudio\AssetStudio\AssetStudio.csproj", "{6512BACB-0959-4E0D-966E-2A5F2F26BA04}"
EndProject
Project("{9A19103F-16F7-4668-BE54-9A1E7A4F7556}") = "AssetStudioUtility", "AssetStudio\AssetStudioUtility\AssetStudioUtility.csproj", "{03D893E2-EE5C-4320-8B17-D20B37E885E5}"
EndProject
Project("{9A19103F-16F7-4668-BE54-9A1E7A4F7556}") = "AssetStudio.PInvoke", "AssetStudio\AssetStudio.PInvoke\AssetStudio.PInvoke.csproj", "{FF8685FC-9798-4D3D-A8E2-ABC0ED4D2BEB}"
EndProject
Project("{8BC9CEB8-8B4A-11D0-8D11-00A0C91BC942}") = "Texture2DDecoderNative", "AssetStudio\Texture2DDecoderNative\Texture2DDecoderNative.vcxproj", "{29356642-C46E-4144-83D8-22DC09D0D7FD}"
EndProject
Project("{9A19103F-16F7-4668-BE54-9A1E7A4F7556}") = "Texture2DDecoderWrapper", "AssetStudio\Texture2DDecoderWrapper\Texture2DDecoderWrapper.csproj", "{EFC7A801-69F1-451E-BFCC-A5624B95CE39}"
EndProject
Project("{2150E333-8FDC-42A3-9474-1A3956D46DE8}") = "AssetStudio Projects", "AssetStudio Projects", "{FAA4825B-A706-4F9B-9607-6BC1E04B16A6}"
EndProject
Project("{9A19103F-16F7-4668-BE54-9A1E7A4F7556}") = "AssetStudioFBXWrapper", "AssetStudio\AssetStudioFBXWrapper\AssetStudioFBXWrapper.csproj", "{0071F9B0-57EB-4631-855D-06520A4B2DC6}"
EndProject
Project("{2150E333-8FDC-42A3-9474-1A3956D46DE8}") = "CRIWARE", "CRIWARE", "{0407E2D1-EA39-4DEC-9E9E-E9634D102ADD}"
EndProject
Project("{9A19103F-16F7-4668-BE54-9A1E7A4F7556}") = "CriWareFormats", "CriWareTools\CriWareFormats\CriWareFormats.csproj", "{89B45D8E-EC0A-474D-A999-66C918B22A85}"
EndProject
Project("{2150E333-8FDC-42A3-9474-1A3956D46DE8}") = "RGB Plugins", "RGB Plugins", "{FFA7A0B8-E0B5-414A-8DA3-1B24800824DB}"
EndProject
Project("{9A19103F-16F7-4668-BE54-9A1E7A4F7556}") = "SteelSeriesPerKeyPlugin", "Sample RGB Plugins\SteelSeriesPerKeyPlugin\SteelSeriesPerKeyPlugin.csproj", "{7D5506EA-AB3F-4C7D-A6B7-A3CFFF7B9009}"
EndProject
Project("{9A19103F-16F7-4668-BE54-9A1E7A4F7556}") = "OpenRgbPlugin", "Sample RGB Plugins\OpenRgbPlugin\OpenRgbPlugin.csproj", "{382B9AB8-9EF3-4C85-9950-899AB572B63B}"
EndProject
Project("{9A19103F-16F7-4668-BE54-9A1E7A4F7556}") = "MirishitaMusicPlayer.RgbPluginBase", "MirishitaMusicPlayer.RgbPluginBase\MirishitaMusicPlayer.RgbPluginBase.csproj", "{9DEED468-68D8-47CA-906A-5FA5F86C52ED}"
EndProject
Global
	GlobalSection(SolutionConfigurationPlatforms) = preSolution
		Debug|Any CPU = Debug|Any CPU
		Debug|x64 = Debug|x64
		Debug|x86 = Debug|x86
		Release|Any CPU = Release|Any CPU
		Release|x64 = Release|x64
		Release|x86 = Release|x86
	EndGlobalSection
	GlobalSection(ProjectConfigurationPlatforms) = postSolution
		{0679C8D4-C80D-4D90-B3BF-5B256C1E7AA8}.Debug|Any CPU.ActiveCfg = Debug|Any CPU
		{0679C8D4-C80D-4D90-B3BF-5B256C1E7AA8}.Debug|Any CPU.Build.0 = Debug|Any CPU
		{0679C8D4-C80D-4D90-B3BF-5B256C1E7AA8}.Debug|x64.ActiveCfg = Debug|Any CPU
		{0679C8D4-C80D-4D90-B3BF-5B256C1E7AA8}.Debug|x64.Build.0 = Debug|Any CPU
		{0679C8D4-C80D-4D90-B3BF-5B256C1E7AA8}.Debug|x86.ActiveCfg = Debug|Any CPU
		{0679C8D4-C80D-4D90-B3BF-5B256C1E7AA8}.Debug|x86.Build.0 = Debug|Any CPU
		{0679C8D4-C80D-4D90-B3BF-5B256C1E7AA8}.Release|Any CPU.ActiveCfg = Release|Any CPU
		{0679C8D4-C80D-4D90-B3BF-5B256C1E7AA8}.Release|Any CPU.Build.0 = Release|Any CPU
		{0679C8D4-C80D-4D90-B3BF-5B256C1E7AA8}.Release|x64.ActiveCfg = Release|Any CPU
		{0679C8D4-C80D-4D90-B3BF-5B256C1E7AA8}.Release|x64.Build.0 = Release|Any CPU
		{0679C8D4-C80D-4D90-B3BF-5B256C1E7AA8}.Release|x86.ActiveCfg = Release|Any CPU
		{0679C8D4-C80D-4D90-B3BF-5B256C1E7AA8}.Release|x86.Build.0 = Release|Any CPU
		{41F76E88-CD25-4E23-8ADC-23756655F417}.Debug|Any CPU.ActiveCfg = Debug|Any CPU
		{41F76E88-CD25-4E23-8ADC-23756655F417}.Debug|Any CPU.Build.0 = Debug|Any CPU
		{41F76E88-CD25-4E23-8ADC-23756655F417}.Debug|x64.ActiveCfg = Debug|Any CPU
		{41F76E88-CD25-4E23-8ADC-23756655F417}.Debug|x64.Build.0 = Debug|Any CPU
		{41F76E88-CD25-4E23-8ADC-23756655F417}.Debug|x86.ActiveCfg = Debug|Any CPU
		{41F76E88-CD25-4E23-8ADC-23756655F417}.Debug|x86.Build.0 = Debug|Any CPU
		{41F76E88-CD25-4E23-8ADC-23756655F417}.Release|Any CPU.ActiveCfg = Release|Any CPU
		{41F76E88-CD25-4E23-8ADC-23756655F417}.Release|Any CPU.Build.0 = Release|Any CPU
		{41F76E88-CD25-4E23-8ADC-23756655F417}.Release|x64.ActiveCfg = Release|Any CPU
		{41F76E88-CD25-4E23-8ADC-23756655F417}.Release|x64.Build.0 = Release|Any CPU
		{41F76E88-CD25-4E23-8ADC-23756655F417}.Release|x86.ActiveCfg = Release|Any CPU
		{41F76E88-CD25-4E23-8ADC-23756655F417}.Release|x86.Build.0 = Release|Any CPU
		{6512BACB-0959-4E0D-966E-2A5F2F26BA04}.Debug|Any CPU.ActiveCfg = Debug|Any CPU
		{6512BACB-0959-4E0D-966E-2A5F2F26BA04}.Debug|Any CPU.Build.0 = Debug|Any CPU
		{6512BACB-0959-4E0D-966E-2A5F2F26BA04}.Debug|x64.ActiveCfg = Debug|Any CPU
		{6512BACB-0959-4E0D-966E-2A5F2F26BA04}.Debug|x64.Build.0 = Debug|Any CPU
		{6512BACB-0959-4E0D-966E-2A5F2F26BA04}.Debug|x86.ActiveCfg = Debug|Any CPU
		{6512BACB-0959-4E0D-966E-2A5F2F26BA04}.Debug|x86.Build.0 = Debug|Any CPU
		{6512BACB-0959-4E0D-966E-2A5F2F26BA04}.Release|Any CPU.ActiveCfg = Release|Any CPU
		{6512BACB-0959-4E0D-966E-2A5F2F26BA04}.Release|Any CPU.Build.0 = Release|Any CPU
		{6512BACB-0959-4E0D-966E-2A5F2F26BA04}.Release|x64.ActiveCfg = Release|Any CPU
		{6512BACB-0959-4E0D-966E-2A5F2F26BA04}.Release|x64.Build.0 = Release|Any CPU
		{6512BACB-0959-4E0D-966E-2A5F2F26BA04}.Release|x86.ActiveCfg = Release|Any CPU
		{6512BACB-0959-4E0D-966E-2A5F2F26BA04}.Release|x86.Build.0 = Release|Any CPU
		{03D893E2-EE5C-4320-8B17-D20B37E885E5}.Debug|Any CPU.ActiveCfg = Debug|Any CPU
		{03D893E2-EE5C-4320-8B17-D20B37E885E5}.Debug|Any CPU.Build.0 = Debug|Any CPU
		{03D893E2-EE5C-4320-8B17-D20B37E885E5}.Debug|x64.ActiveCfg = Debug|Any CPU
		{03D893E2-EE5C-4320-8B17-D20B37E885E5}.Debug|x64.Build.0 = Debug|Any CPU
		{03D893E2-EE5C-4320-8B17-D20B37E885E5}.Debug|x86.ActiveCfg = Debug|Any CPU
		{03D893E2-EE5C-4320-8B17-D20B37E885E5}.Debug|x86.Build.0 = Debug|Any CPU
		{03D893E2-EE5C-4320-8B17-D20B37E885E5}.Release|Any CPU.ActiveCfg = Release|Any CPU
		{03D893E2-EE5C-4320-8B17-D20B37E885E5}.Release|Any CPU.Build.0 = Release|Any CPU
		{03D893E2-EE5C-4320-8B17-D20B37E885E5}.Release|x64.ActiveCfg = Release|Any CPU
		{03D893E2-EE5C-4320-8B17-D20B37E885E5}.Release|x64.Build.0 = Release|Any CPU
		{03D893E2-EE5C-4320-8B17-D20B37E885E5}.Release|x86.ActiveCfg = Release|Any CPU
		{03D893E2-EE5C-4320-8B17-D20B37E885E5}.Release|x86.Build.0 = Release|Any CPU
		{FF8685FC-9798-4D3D-A8E2-ABC0ED4D2BEB}.Debug|Any CPU.ActiveCfg = Debug|Any CPU
		{FF8685FC-9798-4D3D-A8E2-ABC0ED4D2BEB}.Debug|Any CPU.Build.0 = Debug|Any CPU
		{FF8685FC-9798-4D3D-A8E2-ABC0ED4D2BEB}.Debug|x64.ActiveCfg = Debug|Any CPU
		{FF8685FC-9798-4D3D-A8E2-ABC0ED4D2BEB}.Debug|x64.Build.0 = Debug|Any CPU
		{FF8685FC-9798-4D3D-A8E2-ABC0ED4D2BEB}.Debug|x86.ActiveCfg = Debug|Any CPU
		{FF8685FC-9798-4D3D-A8E2-ABC0ED4D2BEB}.Debug|x86.Build.0 = Debug|Any CPU
		{FF8685FC-9798-4D3D-A8E2-ABC0ED4D2BEB}.Release|Any CPU.ActiveCfg = Release|Any CPU
		{FF8685FC-9798-4D3D-A8E2-ABC0ED4D2BEB}.Release|Any CPU.Build.0 = Release|Any CPU
		{FF8685FC-9798-4D3D-A8E2-ABC0ED4D2BEB}.Release|x64.ActiveCfg = Release|Any CPU
		{FF8685FC-9798-4D3D-A8E2-ABC0ED4D2BEB}.Release|x64.Build.0 = Release|Any CPU
		{FF8685FC-9798-4D3D-A8E2-ABC0ED4D2BEB}.Release|x86.ActiveCfg = Release|Any CPU
		{FF8685FC-9798-4D3D-A8E2-ABC0ED4D2BEB}.Release|x86.Build.0 = Release|Any CPU
		{29356642-C46E-4144-83D8-22DC09D0D7FD}.Debug|Any CPU.ActiveCfg = Debug|x64
		{29356642-C46E-4144-83D8-22DC09D0D7FD}.Debug|Any CPU.Build.0 = Debug|x64
		{29356642-C46E-4144-83D8-22DC09D0D7FD}.Debug|x64.ActiveCfg = Debug|x64
		{29356642-C46E-4144-83D8-22DC09D0D7FD}.Debug|x64.Build.0 = Debug|x64
		{29356642-C46E-4144-83D8-22DC09D0D7FD}.Debug|x86.ActiveCfg = Debug|Win32
		{29356642-C46E-4144-83D8-22DC09D0D7FD}.Debug|x86.Build.0 = Debug|Win32
		{29356642-C46E-4144-83D8-22DC09D0D7FD}.Release|Any CPU.ActiveCfg = Release|x64
		{29356642-C46E-4144-83D8-22DC09D0D7FD}.Release|Any CPU.Build.0 = Release|x64
		{29356642-C46E-4144-83D8-22DC09D0D7FD}.Release|x64.ActiveCfg = Release|x64
		{29356642-C46E-4144-83D8-22DC09D0D7FD}.Release|x64.Build.0 = Release|x64
		{29356642-C46E-4144-83D8-22DC09D0D7FD}.Release|x86.ActiveCfg = Release|Win32
		{29356642-C46E-4144-83D8-22DC09D0D7FD}.Release|x86.Build.0 = Release|Win32
		{EFC7A801-69F1-451E-BFCC-A5624B95CE39}.Debug|Any CPU.ActiveCfg = Debug|Any CPU
		{EFC7A801-69F1-451E-BFCC-A5624B95CE39}.Debug|Any CPU.Build.0 = Debug|Any CPU
		{EFC7A801-69F1-451E-BFCC-A5624B95CE39}.Debug|x64.ActiveCfg = Debug|Any CPU
		{EFC7A801-69F1-451E-BFCC-A5624B95CE39}.Debug|x64.Build.0 = Debug|Any CPU
		{EFC7A801-69F1-451E-BFCC-A5624B95CE39}.Debug|x86.ActiveCfg = Debug|Any CPU
		{EFC7A801-69F1-451E-BFCC-A5624B95CE39}.Debug|x86.Build.0 = Debug|Any CPU
		{EFC7A801-69F1-451E-BFCC-A5624B95CE39}.Release|Any CPU.ActiveCfg = Release|Any CPU
		{EFC7A801-69F1-451E-BFCC-A5624B95CE39}.Release|Any CPU.Build.0 = Release|Any CPU
		{EFC7A801-69F1-451E-BFCC-A5624B95CE39}.Release|x64.ActiveCfg = Release|Any CPU
		{EFC7A801-69F1-451E-BFCC-A5624B95CE39}.Release|x64.Build.0 = Release|Any CPU
		{EFC7A801-69F1-451E-BFCC-A5624B95CE39}.Release|x86.ActiveCfg = Release|Any CPU
		{EFC7A801-69F1-451E-BFCC-A5624B95CE39}.Release|x86.Build.0 = Release|Any CPU
		{0071F9B0-57EB-4631-855D-06520A4B2DC6}.Debug|Any CPU.ActiveCfg = Debug|Any CPU
		{0071F9B0-57EB-4631-855D-06520A4B2DC6}.Debug|Any CPU.Build.0 = Debug|Any CPU
		{0071F9B0-57EB-4631-855D-06520A4B2DC6}.Debug|x64.ActiveCfg = Debug|Any CPU
		{0071F9B0-57EB-4631-855D-06520A4B2DC6}.Debug|x64.Build.0 = Debug|Any CPU
		{0071F9B0-57EB-4631-855D-06520A4B2DC6}.Debug|x86.ActiveCfg = Debug|Any CPU
		{0071F9B0-57EB-4631-855D-06520A4B2DC6}.Debug|x86.Build.0 = Debug|Any CPU
		{0071F9B0-57EB-4631-855D-06520A4B2DC6}.Release|Any CPU.ActiveCfg = Release|Any CPU
		{0071F9B0-57EB-4631-855D-06520A4B2DC6}.Release|Any CPU.Build.0 = Release|Any CPU
		{0071F9B0-57EB-4631-855D-06520A4B2DC6}.Release|x64.ActiveCfg = Release|Any CPU
		{0071F9B0-57EB-4631-855D-06520A4B2DC6}.Release|x64.Build.0 = Release|Any CPU
		{0071F9B0-57EB-4631-855D-06520A4B2DC6}.Release|x86.ActiveCfg = Release|Any CPU
		{0071F9B0-57EB-4631-855D-06520A4B2DC6}.Release|x86.Build.0 = Release|Any CPU
		{89B45D8E-EC0A-474D-A999-66C918B22A85}.Debug|Any CPU.ActiveCfg = Debug|Any CPU
		{89B45D8E-EC0A-474D-A999-66C918B22A85}.Debug|Any CPU.Build.0 = Debug|Any CPU
		{89B45D8E-EC0A-474D-A999-66C918B22A85}.Debug|x64.ActiveCfg = Debug|Any CPU
		{89B45D8E-EC0A-474D-A999-66C918B22A85}.Debug|x64.Build.0 = Debug|Any CPU
		{89B45D8E-EC0A-474D-A999-66C918B22A85}.Debug|x86.ActiveCfg = Debug|Any CPU
		{89B45D8E-EC0A-474D-A999-66C918B22A85}.Debug|x86.Build.0 = Debug|Any CPU
		{89B45D8E-EC0A-474D-A999-66C918B22A85}.Release|Any CPU.ActiveCfg = Release|Any CPU
		{89B45D8E-EC0A-474D-A999-66C918B22A85}.Release|Any CPU.Build.0 = Release|Any CPU
		{89B45D8E-EC0A-474D-A999-66C918B22A85}.Release|x64.ActiveCfg = Release|Any CPU
		{89B45D8E-EC0A-474D-A999-66C918B22A85}.Release|x64.Build.0 = Release|Any CPU
		{89B45D8E-EC0A-474D-A999-66C918B22A85}.Release|x86.ActiveCfg = Release|Any CPU
		{89B45D8E-EC0A-474D-A999-66C918B22A85}.Release|x86.Build.0 = Release|Any CPU
		{7D5506EA-AB3F-4C7D-A6B7-A3CFFF7B9009}.Debug|Any CPU.ActiveCfg = Debug|Any CPU
		{7D5506EA-AB3F-4C7D-A6B7-A3CFFF7B9009}.Debug|Any CPU.Build.0 = Debug|Any CPU
		{7D5506EA-AB3F-4C7D-A6B7-A3CFFF7B9009}.Debug|x64.ActiveCfg = Debug|Any CPU
		{7D5506EA-AB3F-4C7D-A6B7-A3CFFF7B9009}.Debug|x64.Build.0 = Debug|Any CPU
		{7D5506EA-AB3F-4C7D-A6B7-A3CFFF7B9009}.Debug|x86.ActiveCfg = Debug|Any CPU
		{7D5506EA-AB3F-4C7D-A6B7-A3CFFF7B9009}.Debug|x86.Build.0 = Debug|Any CPU
		{7D5506EA-AB3F-4C7D-A6B7-A3CFFF7B9009}.Release|Any CPU.ActiveCfg = Release|Any CPU
		{7D5506EA-AB3F-4C7D-A6B7-A3CFFF7B9009}.Release|Any CPU.Build.0 = Release|Any CPU
		{7D5506EA-AB3F-4C7D-A6B7-A3CFFF7B9009}.Release|x64.ActiveCfg = Release|Any CPU
		{7D5506EA-AB3F-4C7D-A6B7-A3CFFF7B9009}.Release|x64.Build.0 = Release|Any CPU
		{7D5506EA-AB3F-4C7D-A6B7-A3CFFF7B9009}.Release|x86.ActiveCfg = Release|Any CPU
		{7D5506EA-AB3F-4C7D-A6B7-A3CFFF7B9009}.Release|x86.Build.0 = Release|Any CPU
		{382B9AB8-9EF3-4C85-9950-899AB572B63B}.Debug|Any CPU.ActiveCfg = Debug|Any CPU
		{382B9AB8-9EF3-4C85-9950-899AB572B63B}.Debug|Any CPU.Build.0 = Debug|Any CPU
		{382B9AB8-9EF3-4C85-9950-899AB572B63B}.Debug|x64.ActiveCfg = Debug|Any CPU
		{382B9AB8-9EF3-4C85-9950-899AB572B63B}.Debug|x64.Build.0 = Debug|Any CPU
		{382B9AB8-9EF3-4C85-9950-899AB572B63B}.Debug|x86.ActiveCfg = Debug|Any CPU
		{382B9AB8-9EF3-4C85-9950-899AB572B63B}.Debug|x86.Build.0 = Debug|Any CPU
		{382B9AB8-9EF3-4C85-9950-899AB572B63B}.Release|Any CPU.ActiveCfg = Release|Any CPU
		{382B9AB8-9EF3-4C85-9950-899AB572B63B}.Release|Any CPU.Build.0 = Release|Any CPU
		{382B9AB8-9EF3-4C85-9950-899AB572B63B}.Release|x64.ActiveCfg = Release|Any CPU
		{382B9AB8-9EF3-4C85-9950-899AB572B63B}.Release|x64.Build.0 = Release|Any CPU
		{382B9AB8-9EF3-4C85-9950-899AB572B63B}.Release|x86.ActiveCfg = Release|Any CPU
		{382B9AB8-9EF3-4C85-9950-899AB572B63B}.Release|x86.Build.0 = Release|Any CPU
		{9DEED468-68D8-47CA-906A-5FA5F86C52ED}.Debug|Any CPU.ActiveCfg = Debug|Any CPU
		{9DEED468-68D8-47CA-906A-5FA5F86C52ED}.Debug|Any CPU.Build.0 = Debug|Any CPU
		{9DEED468-68D8-47CA-906A-5FA5F86C52ED}.Debug|x64.ActiveCfg = Debug|Any CPU
		{9DEED468-68D8-47CA-906A-5FA5F86C52ED}.Debug|x64.Build.0 = Debug|Any CPU
		{9DEED468-68D8-47CA-906A-5FA5F86C52ED}.Debug|x86.ActiveCfg = Debug|Any CPU
		{9DEED468-68D8-47CA-906A-5FA5F86C52ED}.Debug|x86.Build.0 = Debug|Any CPU
		{9DEED468-68D8-47CA-906A-5FA5F86C52ED}.Release|Any CPU.ActiveCfg = Release|Any CPU
		{9DEED468-68D8-47CA-906A-5FA5F86C52ED}.Release|Any CPU.Build.0 = Release|Any CPU
		{9DEED468-68D8-47CA-906A-5FA5F86C52ED}.Release|x64.ActiveCfg = Release|Any CPU
		{9DEED468-68D8-47CA-906A-5FA5F86C52ED}.Release|x64.Build.0 = Release|Any CPU
		{9DEED468-68D8-47CA-906A-5FA5F86C52ED}.Release|x86.ActiveCfg = Release|Any CPU
		{9DEED468-68D8-47CA-906A-5FA5F86C52ED}.Release|x86.Build.0 = Release|Any CPU
	EndGlobalSection
	GlobalSection(SolutionProperties) = preSolution
		HideSolutionNode = FALSE
	EndGlobalSection
	GlobalSection(NestedProjects) = preSolution
		{41F76E88-CD25-4E23-8ADC-23756655F417} = {0407E2D1-EA39-4DEC-9E9E-E9634D102ADD}
		{6512BACB-0959-4E0D-966E-2A5F2F26BA04} = {FAA4825B-A706-4F9B-9607-6BC1E04B16A6}
		{03D893E2-EE5C-4320-8B17-D20B37E885E5} = {FAA4825B-A706-4F9B-9607-6BC1E04B16A6}
		{FF8685FC-9798-4D3D-A8E2-ABC0ED4D2BEB} = {FAA4825B-A706-4F9B-9607-6BC1E04B16A6}
		{29356642-C46E-4144-83D8-22DC09D0D7FD} = {FAA4825B-A706-4F9B-9607-6BC1E04B16A6}
		{EFC7A801-69F1-451E-BFCC-A5624B95CE39} = {FAA4825B-A706-4F9B-9607-6BC1E04B16A6}
		{0071F9B0-57EB-4631-855D-06520A4B2DC6} = {FAA4825B-A706-4F9B-9607-6BC1E04B16A6}
		{89B45D8E-EC0A-474D-A999-66C918B22A85} = {0407E2D1-EA39-4DEC-9E9E-E9634D102ADD}
		{7D5506EA-AB3F-4C7D-A6B7-A3CFFF7B9009} = {FFA7A0B8-E0B5-414A-8DA3-1B24800824DB}
		{382B9AB8-9EF3-4C85-9950-899AB572B63B} = {FFA7A0B8-E0B5-414A-8DA3-1B24800824DB}
		{9DEED468-68D8-47CA-906A-5FA5F86C52ED} = {FFA7A0B8-E0B5-414A-8DA3-1B24800824DB}
	EndGlobalSection
	GlobalSection(ExtensibilityGlobals) = postSolution
		SolutionGuid = {5CFDCF12-D939-4B79-963F-4779692D5B17}
	EndGlobalSection
EndGlobal
