
Microsoft Visual Studio Solution File, Format Version 12.00
# Visual Studio Version 16
VisualStudioVersion = 16.0.31129.286
MinimumVisualStudioVersion = 10.0.40219.1
Project("{9A19103F-16F7-4668-BE54-9A1E7A4F7556}") = "CriUtf", "CriUtf\CriUtf.csproj", "{1E8ADA6F-2F2D-4C08-8823-605EE3093606}"
EndProject
Project("{9A19103F-16F7-4668-BE54-9A1E7A4F7556}") = "CriAcb", "CriAcb\CriAcb.csproj", "{BEEE7286-FA31-43A2-A5B7-3E45C469516D}"
EndProject
Project("{9A19103F-16F7-4668-BE54-9A1E7A4F7556}") = "CriAwb", "CriAwb\CriAwb.csproj", "{57BF4B68-6C51-494E-876C-96E37EF07462}"
EndProject
Project("{9A19103F-16F7-4668-BE54-9A1E7A4F7556}") = "MirishitaMusicPlayer", "MirishitaMusicPlayer\MirishitaMusicPlayer.csproj", "{0679C8D4-C80D-4D90-B3BF-5B256C1E7AA8}"
EndProject
Project("{9A19103F-16F7-4668-BE54-9A1E7A4F7556}") = "ClHcaSharp", "ClHcaSharp\ClHcaSharp\ClHcaSharp.csproj", "{41F76E88-CD25-4E23-8ADC-23756655F417}"
EndProject
Project("{9A19103F-16F7-4668-BE54-9A1E7A4F7556}") = "AssetStudio", "AssetStudio\AssetStudio\AssetStudio.csproj", "{6512BACB-0959-4E0D-966E-2A5F2F26BA04}"
EndProject
Global
	GlobalSection(SolutionConfigurationPlatforms) = preSolution
		Debug|Any CPU = Debug|Any CPU
		Debug|x64 = Debug|x64
		Debug|x86 = Debug|x86
		Release|Any CPU = Release|Any CPU
		Release|x64 = Release|x64
		Release|x86 = Release|x86
	EndGlobalSection
	GlobalSection(ProjectConfigurationPlatforms) = postSolution
		{1E8ADA6F-2F2D-4C08-8823-605EE3093606}.Debug|Any CPU.ActiveCfg = Debug|Any CPU
		{1E8ADA6F-2F2D-4C08-8823-605EE3093606}.Debug|Any CPU.Build.0 = Debug|Any CPU
		{1E8ADA6F-2F2D-4C08-8823-605EE3093606}.Debug|x64.ActiveCfg = Debug|Any CPU
		{1E8ADA6F-2F2D-4C08-8823-605EE3093606}.Debug|x64.Build.0 = Debug|Any CPU
		{1E8ADA6F-2F2D-4C08-8823-605EE3093606}.Debug|x86.ActiveCfg = Debug|Any CPU
		{1E8ADA6F-2F2D-4C08-8823-605EE3093606}.Debug|x86.Build.0 = Debug|Any CPU
		{1E8ADA6F-2F2D-4C08-8823-605EE3093606}.Release|Any CPU.ActiveCfg = Release|Any CPU
		{1E8ADA6F-2F2D-4C08-8823-605EE3093606}.Release|Any CPU.Build.0 = Release|Any CPU
		{1E8ADA6F-2F2D-4C08-8823-605EE3093606}.Release|x64.ActiveCfg = Release|Any CPU
		{1E8ADA6F-2F2D-4C08-8823-605EE3093606}.Release|x64.Build.0 = Release|Any CPU
		{1E8ADA6F-2F2D-4C08-8823-605EE3093606}.Release|x86.ActiveCfg = Release|Any CPU
		{1E8ADA6F-2F2D-4C08-8823-605EE3093606}.Release|x86.Build.0 = Release|Any CPU
		{BEEE7286-FA31-43A2-A5B7-3E45C469516D}.Debug|Any CPU.ActiveCfg = Debug|Any CPU
		{BEEE7286-FA31-43A2-A5B7-3E45C469516D}.Debug|Any CPU.Build.0 = Debug|Any CPU
		{BEEE7286-FA31-43A2-A5B7-3E45C469516D}.Debug|x64.ActiveCfg = Debug|Any CPU
		{BEEE7286-FA31-43A2-A5B7-3E45C469516D}.Debug|x64.Build.0 = Debug|Any CPU
		{BEEE7286-FA31-43A2-A5B7-3E45C469516D}.Debug|x86.ActiveCfg = Debug|Any CPU
		{BEEE7286-FA31-43A2-A5B7-3E45C469516D}.Debug|x86.Build.0 = Debug|Any CPU
		{BEEE7286-FA31-43A2-A5B7-3E45C469516D}.Release|Any CPU.ActiveCfg = Release|Any CPU
		{BEEE7286-FA31-43A2-A5B7-3E45C469516D}.Release|Any CPU.Build.0 = Release|Any CPU
		{BEEE7286-FA31-43A2-A5B7-3E45C469516D}.Release|x64.ActiveCfg = Release|Any CPU
		{BEEE7286-FA31-43A2-A5B7-3E45C469516D}.Release|x64.Build.0 = Release|Any CPU
		{BEEE7286-FA31-43A2-A5B7-3E45C469516D}.Release|x86.ActiveCfg = Release|Any CPU
		{BEEE7286-FA31-43A2-A5B7-3E45C469516D}.Release|x86.Build.0 = Release|Any CPU
		{57BF4B68-6C51-494E-876C-96E37EF07462}.Debug|Any CPU.ActiveCfg = Debug|Any CPU
		{57BF4B68-6C51-494E-876C-96E37EF07462}.Debug|Any CPU.Build.0 = Debug|Any CPU
		{57BF4B68-6C51-494E-876C-96E37EF07462}.Debug|x64.ActiveCfg = Debug|Any CPU
		{57BF4B68-6C51-494E-876C-96E37EF07462}.Debug|x64.Build.0 = Debug|Any CPU
		{57BF4B68-6C51-494E-876C-96E37EF07462}.Debug|x86.ActiveCfg = Debug|Any CPU
		{57BF4B68-6C51-494E-876C-96E37EF07462}.Debug|x86.Build.0 = Debug|Any CPU
		{57BF4B68-6C51-494E-876C-96E37EF07462}.Release|Any CPU.ActiveCfg = Release|Any CPU
		{57BF4B68-6C51-494E-876C-96E37EF07462}.Release|Any CPU.Build.0 = Release|Any CPU
		{57BF4B68-6C51-494E-876C-96E37EF07462}.Release|x64.ActiveCfg = Release|Any CPU
		{57BF4B68-6C51-494E-876C-96E37EF07462}.Release|x64.Build.0 = Release|Any CPU
		{57BF4B68-6C51-494E-876C-96E37EF07462}.Release|x86.ActiveCfg = Release|Any CPU
		{57BF4B68-6C51-494E-876C-96E37EF07462}.Release|x86.Build.0 = Release|Any CPU
		{0679C8D4-C80D-4D90-B3BF-5B256C1E7AA8}.Debug|Any CPU.ActiveCfg = Debug|Any CPU
		{0679C8D4-C80D-4D90-B3BF-5B256C1E7AA8}.Debug|Any CPU.Build.0 = Debug|Any CPU
		{0679C8D4-C80D-4D90-B3BF-5B256C1E7AA8}.Debug|x64.ActiveCfg = Debug|Any CPU
		{0679C8D4-C80D-4D90-B3BF-5B256C1E7AA8}.Debug|x64.Build.0 = Debug|Any CPU
		{0679C8D4-C80D-4D90-B3BF-5B256C1E7AA8}.Debug|x86.ActiveCfg = Debug|Any CPU
		{0679C8D4-C80D-4D90-B3BF-5B256C1E7AA8}.Debug|x86.Build.0 = Debug|Any CPU
		{0679C8D4-C80D-4D90-B3BF-5B256C1E7AA8}.Release|Any CPU.ActiveCfg = Release|Any CPU
		{0679C8D4-C80D-4D90-B3BF-5B256C1E7AA8}.Release|Any CPU.Build.0 = Release|Any CPU
		{0679C8D4-C80D-4D90-B3BF-5B256C1E7AA8}.Release|x64.ActiveCfg = Release|Any CPU
		{0679C8D4-C80D-4D90-B3BF-5B256C1E7AA8}.Release|x64.Build.0 = Release|Any CPU
		{0679C8D4-C80D-4D90-B3BF-5B256C1E7AA8}.Release|x86.ActiveCfg = Release|Any CPU
		{0679C8D4-C80D-4D90-B3BF-5B256C1E7AA8}.Release|x86.Build.0 = Release|Any CPU
		{41F76E88-CD25-4E23-8ADC-23756655F417}.Debug|Any CPU.ActiveCfg = Debug|Any CPU
		{41F76E88-CD25-4E23-8ADC-23756655F417}.Debug|Any CPU.Build.0 = Debug|Any CPU
		{41F76E88-CD25-4E23-8ADC-23756655F417}.Debug|x64.ActiveCfg = Debug|Any CPU
		{41F76E88-CD25-4E23-8ADC-23756655F417}.Debug|x64.Build.0 = Debug|Any CPU
		{41F76E88-CD25-4E23-8ADC-23756655F417}.Debug|x86.ActiveCfg = Debug|Any CPU
		{41F76E88-CD25-4E23-8ADC-23756655F417}.Debug|x86.Build.0 = Debug|Any CPU
		{41F76E88-CD25-4E23-8ADC-23756655F417}.Release|Any CPU.ActiveCfg = Release|Any CPU
		{41F76E88-CD25-4E23-8ADC-23756655F417}.Release|Any CPU.Build.0 = Release|Any CPU
		{41F76E88-CD25-4E23-8ADC-23756655F417}.Release|x64.ActiveCfg = Release|Any CPU
		{41F76E88-CD25-4E23-8ADC-23756655F417}.Release|x64.Build.0 = Release|Any CPU
		{41F76E88-CD25-4E23-8ADC-23756655F417}.Release|x86.ActiveCfg = Release|Any CPU
		{41F76E88-CD25-4E23-8ADC-23756655F417}.Release|x86.Build.0 = Release|Any CPU
		{6512BACB-0959-4E0D-966E-2A5F2F26BA04}.Debug|Any CPU.ActiveCfg = Debug|Any CPU
		{6512BACB-0959-4E0D-966E-2A5F2F26BA04}.Debug|Any CPU.Build.0 = Debug|Any CPU
		{6512BACB-0959-4E0D-966E-2A5F2F26BA04}.Debug|x64.ActiveCfg = Debug|Any CPU
		{6512BACB-0959-4E0D-966E-2A5F2F26BA04}.Debug|x64.Build.0 = Debug|Any CPU
		{6512BACB-0959-4E0D-966E-2A5F2F26BA04}.Debug|x86.ActiveCfg = Debug|Any CPU
		{6512BACB-0959-4E0D-966E-2A5F2F26BA04}.Debug|x86.Build.0 = Debug|Any CPU
		{6512BACB-0959-4E0D-966E-2A5F2F26BA04}.Release|Any CPU.ActiveCfg = Release|Any CPU
		{6512BACB-0959-4E0D-966E-2A5F2F26BA04}.Release|Any CPU.Build.0 = Release|Any CPU
		{6512BACB-0959-4E0D-966E-2A5F2F26BA04}.Release|x64.ActiveCfg = Release|Any CPU
		{6512BACB-0959-4E0D-966E-2A5F2F26BA04}.Release|x64.Build.0 = Release|Any CPU
		{6512BACB-0959-4E0D-966E-2A5F2F26BA04}.Release|x86.ActiveCfg = Release|Any CPU
		{6512BACB-0959-4E0D-966E-2A5F2F26BA04}.Release|x86.Build.0 = Release|Any CPU
	EndGlobalSection
	GlobalSection(SolutionProperties) = preSolution
		HideSolutionNode = FALSE
	EndGlobalSection
	GlobalSection(ExtensibilityGlobals) = postSolution
		SolutionGuid = {5CFDCF12-D939-4B79-963F-4779692D5B17}
	EndGlobalSection
EndGlobal
